
Microsoft Visual Studio Solution File, Format Version 12.00
# Visual Studio Version 16
VisualStudioVersion = 16.0.29509.3
MinimumVisualStudioVersion = 10.0.40219.1
Project("{9A19103F-16F7-4668-BE54-9A1E7A4F7556}") = "StageL2", "StageL2\StageL2.csproj", "{3048AF1C-646B-4677-9D60-972D63A7C153}"
EndProject
Global
	GlobalSection(SolutionConfigurationPlatforms) = preSolution
		Debug|Any CPU = Debug|Any CPU
		Release|Any CPU = Release|Any CPU
	EndGlobalSection
	GlobalSection(ProjectConfigurationPlatforms) = postSolution
		{3048AF1C-646B-4677-9D60-972D63A7C153}.Debug|Any CPU.ActiveCfg = Debug|Any CPU
		{3048AF1C-646B-4677-9D60-972D63A7C153}.Debug|Any CPU.Build.0 = Debug|Any CPU
		{3048AF1C-646B-4677-9D60-972D63A7C153}.Release|Any CPU.ActiveCfg = Release|Any CPU
		{3048AF1C-646B-4677-9D60-972D63A7C153}.Release|Any CPU.Build.0 = Release|Any CPU
	EndGlobalSection
	GlobalSection(SolutionProperties) = preSolution
		HideSolutionNode = FALSE
	EndGlobalSection
	GlobalSection(ExtensibilityGlobals) = postSolution
		SolutionGuid = {E89B40CA-563D-4CD6-832F-0EFBC66BE0F0}
	EndGlobalSection
EndGlobal
